
Microsoft Visual Studio Solution File, Format Version 12.00
# Visual Studio 14
VisualStudioVersion = 14.0.25420.1
MinimumVisualStudioVersion = 10.0.40219.1
Project("{FAE04EC0-301F-11D3-BF4B-00C04F79EFBC}") = "Web", "Web\Web.csproj", "{C21E251C-EE0C-415E-BF78-3B033F2532F8}"
EndProject
Project("{FAE04EC0-301F-11D3-BF4B-00C04F79EFBC}") = "Web.Tests", "Web.Tests\Web.Tests.csproj", "{F9755A34-FE4D-4B55-962D-FF3D70D8E75E}"
EndProject
Project("{2150E333-8FDC-42A3-9474-1A3956D46DE8}") = "Module", "Module", "{6465E12C-EBE2-40FC-990D-6B937D0236CC}"
EndProject
Project("{2150E333-8FDC-42A3-9474-1A3956D46DE8}") = "App", "App", "{5FF348E2-A8E7-4004-923D-734168A896B6}"
EndProject
Project("{2150E333-8FDC-42A3-9474-1A3956D46DE8}") = "Test", "Test", "{8C977269-B653-4A41-BE07-8B8CA9435156}"
EndProject
Project("{FAE04EC0-301F-11D3-BF4B-00C04F79EFBC}") = "Common", "Common\Common.csproj", "{BD0E0329-B441-4DA7-B4D3-1C18EBF0EB49}"
EndProject
Project("{FAE04EC0-301F-11D3-BF4B-00C04F79EFBC}") = "Data", "Data\Data.csproj", "{71BD8876-3381-4A04-9D75-6F046B6974D0}"
EndProject
Project("{FAE04EC0-301F-11D3-BF4B-00C04F79EFBC}") = "Service", "Service\Service.csproj", "{231DF840-62A6-4DE5-A0C1-9794A2B509B0}"
EndProject
Project("{FAE04EC0-301F-11D3-BF4B-00C04F79EFBC}") = "Service.Interface", "Service.Interface\Service.Interface.csproj", "{37B98C7C-3865-4A17-9204-C48111696903}"
EndProject
Project("{FAE04EC0-301F-11D3-BF4B-00C04F79EFBC}") = "Repository", "Repository\Repository.csproj", "{2F722881-1E01-4501-BEB8-87853B8F2117}"
EndProject
Project("{FAE04EC0-301F-11D3-BF4B-00C04F79EFBC}") = "Repository.Interface", "Repository.Interface\Repository.Interface.csproj", "{2658C359-142C-481E-B8C5-D0F5B74947B2}"
EndProject
Global
	GlobalSection(SolutionConfigurationPlatforms) = preSolution
		Debug|Any CPU = Debug|Any CPU
		Release|Any CPU = Release|Any CPU
	EndGlobalSection
	GlobalSection(ProjectConfigurationPlatforms) = postSolution
		{C21E251C-EE0C-415E-BF78-3B033F2532F8}.Debug|Any CPU.ActiveCfg = Debug|Any CPU
		{C21E251C-EE0C-415E-BF78-3B033F2532F8}.Debug|Any CPU.Build.0 = Debug|Any CPU
		{C21E251C-EE0C-415E-BF78-3B033F2532F8}.Release|Any CPU.ActiveCfg = Release|Any CPU
		{C21E251C-EE0C-415E-BF78-3B033F2532F8}.Release|Any CPU.Build.0 = Release|Any CPU
		{F9755A34-FE4D-4B55-962D-FF3D70D8E75E}.Debug|Any CPU.ActiveCfg = Debug|Any CPU
		{F9755A34-FE4D-4B55-962D-FF3D70D8E75E}.Debug|Any CPU.Build.0 = Debug|Any CPU
		{F9755A34-FE4D-4B55-962D-FF3D70D8E75E}.Release|Any CPU.ActiveCfg = Release|Any CPU
		{F9755A34-FE4D-4B55-962D-FF3D70D8E75E}.Release|Any CPU.Build.0 = Release|Any CPU
		{BD0E0329-B441-4DA7-B4D3-1C18EBF0EB49}.Debug|Any CPU.ActiveCfg = Debug|Any CPU
		{BD0E0329-B441-4DA7-B4D3-1C18EBF0EB49}.Debug|Any CPU.Build.0 = Debug|Any CPU
		{BD0E0329-B441-4DA7-B4D3-1C18EBF0EB49}.Release|Any CPU.ActiveCfg = Release|Any CPU
		{BD0E0329-B441-4DA7-B4D3-1C18EBF0EB49}.Release|Any CPU.Build.0 = Release|Any CPU
		{71BD8876-3381-4A04-9D75-6F046B6974D0}.Debug|Any CPU.ActiveCfg = Debug|Any CPU
		{71BD8876-3381-4A04-9D75-6F046B6974D0}.Debug|Any CPU.Build.0 = Debug|Any CPU
		{71BD8876-3381-4A04-9D75-6F046B6974D0}.Release|Any CPU.ActiveCfg = Release|Any CPU
		{71BD8876-3381-4A04-9D75-6F046B6974D0}.Release|Any CPU.Build.0 = Release|Any CPU
		{231DF840-62A6-4DE5-A0C1-9794A2B509B0}.Debug|Any CPU.ActiveCfg = Debug|Any CPU
		{231DF840-62A6-4DE5-A0C1-9794A2B509B0}.Debug|Any CPU.Build.0 = Debug|Any CPU
		{231DF840-62A6-4DE5-A0C1-9794A2B509B0}.Release|Any CPU.ActiveCfg = Release|Any CPU
		{231DF840-62A6-4DE5-A0C1-9794A2B509B0}.Release|Any CPU.Build.0 = Release|Any CPU
		{37B98C7C-3865-4A17-9204-C48111696903}.Debug|Any CPU.ActiveCfg = Debug|Any CPU
		{37B98C7C-3865-4A17-9204-C48111696903}.Debug|Any CPU.Build.0 = Debug|Any CPU
		{37B98C7C-3865-4A17-9204-C48111696903}.Release|Any CPU.ActiveCfg = Release|Any CPU
		{37B98C7C-3865-4A17-9204-C48111696903}.Release|Any CPU.Build.0 = Release|Any CPU
		{2F722881-1E01-4501-BEB8-87853B8F2117}.Debug|Any CPU.ActiveCfg = Debug|Any CPU
		{2F722881-1E01-4501-BEB8-87853B8F2117}.Debug|Any CPU.Build.0 = Debug|Any CPU
		{2F722881-1E01-4501-BEB8-87853B8F2117}.Release|Any CPU.ActiveCfg = Release|Any CPU
		{2F722881-1E01-4501-BEB8-87853B8F2117}.Release|Any CPU.Build.0 = Release|Any CPU
		{2658C359-142C-481E-B8C5-D0F5B74947B2}.Debug|Any CPU.ActiveCfg = Debug|Any CPU
		{2658C359-142C-481E-B8C5-D0F5B74947B2}.Debug|Any CPU.Build.0 = Debug|Any CPU
		{2658C359-142C-481E-B8C5-D0F5B74947B2}.Release|Any CPU.ActiveCfg = Release|Any CPU
		{2658C359-142C-481E-B8C5-D0F5B74947B2}.Release|Any CPU.Build.0 = Release|Any CPU
	EndGlobalSection
	GlobalSection(SolutionProperties) = preSolution
		HideSolutionNode = FALSE
	EndGlobalSection
	GlobalSection(NestedProjects) = preSolution
		{C21E251C-EE0C-415E-BF78-3B033F2532F8} = {5FF348E2-A8E7-4004-923D-734168A896B6}
		{F9755A34-FE4D-4B55-962D-FF3D70D8E75E} = {8C977269-B653-4A41-BE07-8B8CA9435156}
		{BD0E0329-B441-4DA7-B4D3-1C18EBF0EB49} = {6465E12C-EBE2-40FC-990D-6B937D0236CC}
		{71BD8876-3381-4A04-9D75-6F046B6974D0} = {6465E12C-EBE2-40FC-990D-6B937D0236CC}
		{231DF840-62A6-4DE5-A0C1-9794A2B509B0} = {6465E12C-EBE2-40FC-990D-6B937D0236CC}
		{37B98C7C-3865-4A17-9204-C48111696903} = {6465E12C-EBE2-40FC-990D-6B937D0236CC}
		{2F722881-1E01-4501-BEB8-87853B8F2117} = {6465E12C-EBE2-40FC-990D-6B937D0236CC}
		{2658C359-142C-481E-B8C5-D0F5B74947B2} = {6465E12C-EBE2-40FC-990D-6B937D0236CC}
	EndGlobalSection
EndGlobal
